{
  "name": "group-notes",
  "lockfileVersion": 3,
  "requires": true,
  "packages": {
    "": {
      "dependencies": {
        "@tailwindplus/elements": "^1.0.22"
      },
      "devDependencies": {
        "tailwindcss": "^4.1.18"
      }
    },
    "node_modules/@tailwindplus/elements": {
      "version": "1.0.22",
      "resolved": "https://registry.npmjs.org/@tailwindplus/elements/-/elements-1.0.22.tgz",
      "integrity": "sha512-rpUVblTefHInmbanTreDqxkjGYV+S44EOIJS1UtyvY1+tn5PbdOkUkWar8cjkEZpCDPAXbswtF0tuxEkX3jk0g==",
      "license": "SEE LICENSE IN LICENSE.md"
    },
    "node_modules/tailwindcss": {
      "version": "4.1.18",
      "resolved": "https://registry.npmjs.org/tailwindcss/-/tailwindcss-4.1.18.tgz",
      "integrity": "sha512-4+Z+0yiYyEtUVCScyfHCxOYP06L5Ne+JiHhY2IjR2KWMIWhJOYZKLSGZaP5HkZ8+bY0cxfzwDE5uOmzFXyIwxw==",
      "dev": true,
      "license": "MIT"
    }
  }
}
